
Microsoft Visual Studio Solution File, Format Version 12.00
# Visual Studio 14
VisualStudioVersion = 14.0.25420.1
MinimumVisualStudioVersion = 10.0.40219.1
Project("{FAE04EC0-301F-11D3-BF4B-00C04F79EFBC}") = "StringCheck", "StringCheck\StringCheck.csproj", "{D9931FA4-A022-4E9E-BC6D-0A9791DC626F}"
EndProject
Project("{FAE04EC0-301F-11D3-BF4B-00C04F79EFBC}") = "StringCheckTests", "StringCheckTests\StringCheckTests.csproj", "{6F080A7C-ABDE-4C20-BFA6-F65E63B8CB7A}"
EndProject
Global
	GlobalSection(SolutionConfigurationPlatforms) = preSolution
		Debug|Any CPU = Debug|Any CPU
		Release|Any CPU = Release|Any CPU
	EndGlobalSection
	GlobalSection(ProjectConfigurationPlatforms) = postSolution
		{D9931FA4-A022-4E9E-BC6D-0A9791DC626F}.Debug|Any CPU.ActiveCfg = Debug|Any CPU
		{D9931FA4-A022-4E9E-BC6D-0A9791DC626F}.Debug|Any CPU.Build.0 = Debug|Any CPU
		{D9931FA4-A022-4E9E-BC6D-0A9791DC626F}.Release|Any CPU.ActiveCfg = Release|Any CPU
		{D9931FA4-A022-4E9E-BC6D-0A9791DC626F}.Release|Any CPU.Build.0 = Release|Any CPU
		{6F080A7C-ABDE-4C20-BFA6-F65E63B8CB7A}.Debug|Any CPU.ActiveCfg = Debug|Any CPU
		{6F080A7C-ABDE-4C20-BFA6-F65E63B8CB7A}.Debug|Any CPU.Build.0 = Debug|Any CPU
		{6F080A7C-ABDE-4C20-BFA6-F65E63B8CB7A}.Release|Any CPU.ActiveCfg = Release|Any CPU
		{6F080A7C-ABDE-4C20-BFA6-F65E63B8CB7A}.Release|Any CPU.Build.0 = Release|Any CPU
	EndGlobalSection
	GlobalSection(SolutionProperties) = preSolution
		HideSolutionNode = FALSE
	EndGlobalSection
EndGlobal
